<?xml version="1.0" encoding="utf-8"?>
<Project xmlns="http://schemas.microsoft.com/developer/msbuild/2003">
  <ItemGroup>
    <Filter Include="Header Files">
      <UniqueIdentifier>{93995380-89BD-4b04-88EB-625FBE52EBFB}</UniqueIdentifier>
      <Extensions>h;hpp;hxx;hm;inl;inc;xsd</Extensions>
    </Filter>
    <Filter Include="Header Files">
      <UniqueIdentifier>{93995380-89BD-4b04-88EB-625FBE52EBFB}</UniqueIdentifier>
      <Extensions>h;hpp;hxx;hm;inl;inc;xsd</Extensions>
    </Filter>
    <Filter Include="Source Files">
      <UniqueIdentifier>{4FC737F1-C7A5-4376-A066-2A32D752A2FF}</UniqueIdentifier>
      <Extensions>cpp;c;cxx;def;odl;idl;hpj;bat;asm;asmx</Extensions>
    </Filter>
    <Filter Include="Source Files">
      <UniqueIdentifier>{4FC737F1-C7A5-4376-A066-2A32D752A2FF}</UniqueIdentifier>
      <Extensions>cpp;c;cxx;def;odl;idl;hpj;bat;asm;asmx</Extensions>
    </Filter>
  </ItemGroup>
  <ItemGroup>
    <ClCompile Include="ImageApply.cpp">
      <Filter>Source Files</Filter>
    </ClCompile>
    <ClCompile Include="ImageApplyAdjustColors.cpp">
      <Filter>Source Files</Filter>
    </ClCompile>
    <ClCompile Include="ImageApplyAutoCrop.cpp">
      <Filter>Source Files</Filter>
    </ClCompile>
    <ClCompile Include="ImageApplyBWBinaray.cpp">
      <Filter>Source Files</Filter>
    </ClCompile>
    <ClCompile Include="ImageApplyChannel.cpp">
      <Filter>Source Files</Filter>
    </ClCompile>
    <ClCompile Include="ImageApplyCrop.cpp">
      <Filter>Source Files</Filter>
    </ClCompile>
    <ClCompile Include="ImageApplyDiscardBlank.cpp">
      <Filter>Source Files</Filter>
    </ClCompile>
    <ClCompile Include="ImageApplyOutHole.cpp">
      <Filter>Source Files</Filter>
    </ClCompile>
    <ClCompile Include="ImageApplyResize.cpp">
      <Filter>Source Files</Filter>
    </ClCompile>
    <ClCompile Include="ImageApplyRotation.cpp">
      <Filter>Source Files</Filter>
    </ClCompile>
    <ClCompile Include="ImageApplySharpen.cpp">
      <Filter>Source Files</Filter>
    </ClCompile>
    <ClCompile Include="ImageApplyTextOrientation.cpp">
      <Filter>Source Files</Filter>
    </ClCompile>
    <ClCompile Include="ImageApplyThreshold.cpp">
      <Filter>Source Files</Filter>
    </ClCompile>
    <ClCompile Include="ImageProcess_Public.cpp">
      <Filter>Source Files</Filter>
    </ClCompile>
  </ItemGroup>
  <ItemGroup>
    <ClInclude Include="ImageApply.h">
      <Filter>Header Files</Filter>
    </ClInclude>
    <ClInclude Include="ImageApplyAdjustColors.h">
      <Filter>Header Files</Filter>
    </ClInclude>
    <ClInclude Include="ImageApplyAutoCrop.h">
      <Filter>Header Files</Filter>
    </ClInclude>
    <ClInclude Include="ImageApplyBWBinaray.h">
      <Filter>Header Files</Filter>
    </ClInclude>
    <ClInclude Include="ImageApplyChannel.h">
      <Filter>Header Files</Filter>
    </ClInclude>
    <ClInclude Include="ImageApplyCrop.h">
      <Filter>Header Files</Filter>
    </ClInclude>
    <ClInclude Include="ImageApplyDiscardBlank.h">
      <Filter>Header Files</Filter>
    </ClInclude>
    <ClInclude Include="ImageApplyHeaders.h">
      <Filter>Header Files</Filter>
    </ClInclude>
    <ClInclude Include="ImageApplyOutHole.h">
      <Filter>Header Files</Filter>
    </ClInclude>
    <ClInclude Include="ImageApplyResize.h">
      <Filter>Header Files</Filter>
    </ClInclude>
    <ClInclude Include="ImageApplyRotation.h">
      <Filter>Header Files</Filter>
    </ClInclude>
    <ClInclude Include="ImageApplySharpen.h">
      <Filter>Header Files</Filter>
    </ClInclude>
    <ClInclude Include="ImageApplyTextOrientation.h">
      <Filter>Header Files</Filter>
    </ClInclude>
    <ClInclude Include="ImageApplyThreshold.h">
      <Filter>Header Files</Filter>
    </ClInclude>
    <ClInclude Include="ImageProcess_Public.h">
      <Filter>Header Files</Filter>
    </ClInclude>
  </ItemGroup>
</Project>